// !$*UTF8*$!
{
	archiveVersion = 1;
	classes = {
	};
	objectVersion = 54;
	objects = {

/* Begin PBXBuildFile section */
		13B07FBF1A68108700A75B9A /* Images.xcassets in Resources */ = {isa = PBXBuildFile; fileRef = 13B07FB51A68108700A75B9A /* Images.xcassets */; };
		3E461D99554A48A4959DE609 /* SplashScreen.storyboard in Resources */ = {isa = PBXBuildFile; fileRef = AA286B85B6C04FC6940260E9 /* SplashScreen.storyboard */; };
		BB2F792D24A3F905000567C9 /* Expo.plist in Resources */ = {isa = PBXBuildFile; fileRef = BB2F792C24A3F905000567C9 /* Expo.plist */; };
		F11748422D0307B40044C1D9 /* AppDelegate.swift in Sources */ = {isa = PBXBuildFile; fileRef = F11748412D0307B40044C1D9 /* AppDelegate.swift */; };
		C13B45055CD64820A21A0849 /* Color+hex.swift in Sources */ = {isa = PBXBuildFile; fileRef = 3280E4640F784295A40A98B4 /* Color+hex.swift */; };
		627D779207CB4D58AC19B5F4 /* Date+toTimerInterval.swift in Sources */ = {isa = PBXBuildFile; fileRef = 48C0489433934D33B3370898 /* Date+toTimerInterval.swift */; };
		C76DF04542084554A686982F /* Image+dynamic.swift in Sources */ = {isa = PBXBuildFile; fileRef = 2856ACA0B1A94CAFADDB2F71 /* Image+dynamic.swift */; };
		D201018B54254C36AC2CC69B /* LiveActivityView.swift in Sources */ = {isa = PBXBuildFile; fileRef = 36DE9F57546846519C1BDF1C /* LiveActivityView.swift */; };
		9481F763BF514875A231F2FF /* LiveActivityWidget.swift in Sources */ = {isa = PBXBuildFile; fileRef = 3CCC875CA1834A58957FAF1E /* LiveActivityWidget.swift */; };
		F82DDFF891504A7D80139AD3 /* LiveActivityWidgetBundle.swift in Sources */ = {isa = PBXBuildFile; fileRef = 55C21AE04E8E4608811CAAA0 /* LiveActivityWidgetBundle.swift */; };
		C3720FF926A944B797F3D062 /* View+applyIfPresent.swift in Sources */ = {isa = PBXBuildFile; fileRef = BC074581BE3C4BBABF47BE0C /* View+applyIfPresent.swift */; };
		84738F8535F34ECD9AD62E45 /* View+applyWidgetURL.swift in Sources */ = {isa = PBXBuildFile; fileRef = 63167D8571254F7CAC8B5EC1 /* View+applyWidgetURL.swift */; };
		ABB66189A7DA4B5783D3D3EF /* ViewHelpers.swift in Sources */ = {isa = PBXBuildFile; fileRef = 524A9A31F9D247BAB0FB2899 /* ViewHelpers.swift */; };
		85AB214C3D684ED88F9B1570 /* PersonalLifeTrackerLiveActivity.appex in Embed Foundation Extensions */ = {isa = PBXBuildFile; fileRef = 6E1EE1C817FD411CA4676A94 /* PersonalLifeTrackerLiveActivity.appex */; };
		8F49DDCE90284A4786B69DCF /* Assets.xcassets in Resources */ = {isa = PBXBuildFile; fileRef = CE7703F8FFB2469A8FC72A80 /* Assets.xcassets */; };
		319E34038EC14C8FA41816CC /* Info.plist in Resources */ = {isa = PBXBuildFile; fileRef = 7857CB78139B4E9BA12513E8 /* Info.plist */; };
		E0F65B1731054429B6B422F0 /* PersonalLifeTrackerLiveActivity.entitlements in Resources */ = {isa = PBXBuildFile; fileRef = 5933EABECC434D3FA3DF796F /* PersonalLifeTrackerLiveActivity.entitlements */; };
		A1B8390188BD4A28AFCD90AB /* PersonalLifeTrackerLiveActivity.appex in Embed Foundation Extensions */ = {isa = PBXBuildFile; fileRef = 863C5D33EBFB4726AA788446 /* PersonalLifeTrackerLiveActivity.appex */; };
/* End PBXBuildFile section */

/* Begin PBXFileReference section */
		13B07F961A680F5B00A75B9A /* PersonalLifeTracker.app */ = {isa = PBXFileReference; explicitFileType = wrapper.application; includeInIndex = 0; path = PersonalLifeTracker.app; sourceTree = BUILT_PRODUCTS_DIR; };
		13B07FB51A68108700A75B9A /* Images.xcassets */ = {isa = PBXFileReference; lastKnownFileType = folder.assetcatalog; name = Images.xcassets; path = PersonalLifeTracker/Images.xcassets; sourceTree = "<group>"; };
		13B07FB61A68108700A75B9A /* Info.plist */ = {isa = PBXFileReference; fileEncoding = 4; lastKnownFileType = text.plist.xml; name = Info.plist; path = PersonalLifeTracker/Info.plist; sourceTree = "<group>"; };
		AA286B85B6C04FC6940260E9 /* SplashScreen.storyboard */ = {isa = PBXFileReference; fileEncoding = 4; lastKnownFileType = file.storyboard; name = SplashScreen.storyboard; path = PersonalLifeTracker/SplashScreen.storyboard; sourceTree = "<group>"; };
		BB2F792C24A3F905000567C9 /* Expo.plist */ = {isa = PBXFileReference; fileEncoding = 4; lastKnownFileType = text.plist.xml; path = Expo.plist; sourceTree = "<group>"; };
		ED297162215061F000B7C4FE /* JavaScriptCore.framework */ = {isa = PBXFileReference; lastKnownFileType = wrapper.framework; name = JavaScriptCore.framework; path = System/Library/Frameworks/JavaScriptCore.framework; sourceTree = SDKROOT; };
		F11748412D0307B40044C1D9 /* AppDelegate.swift */ = {isa = PBXFileReference; lastKnownFileType = sourcecode.swift; name = AppDelegate.swift; path = PersonalLifeTracker/AppDelegate.swift; sourceTree = "<group>"; };
		F11748442D0722820044C1D9 /* PersonalLifeTracker-Bridging-Header.h */ = {isa = PBXFileReference; lastKnownFileType = sourcecode.c.h; name = "PersonalLifeTracker-Bridging-Header.h"; path = "PersonalLifeTracker/PersonalLifeTracker-Bridging-Header.h"; sourceTree = "<group>"; };
		6E1EE1C817FD411CA4676A94 /* PersonalLifeTrackerLiveActivity.appex */ = {isa = PBXFileReference; name = "PersonalLifeTrackerLiveActivity.appex"; path = "PersonalLifeTrackerLiveActivity.appex"; sourceTree = BUILT_PRODUCTS_DIR; fileEncoding = undefined; lastKnownFileType = undefined; explicitFileType = wrapper.app-extension; includeInIndex = 0; };
		3280E4640F784295A40A98B4 /* Color+hex.swift */ = {isa = PBXFileReference; name = "Color+hex.swift"; path = "Color+hex.swift"; sourceTree = "<group>"; fileEncoding = 4; lastKnownFileType = sourcecode.swift; explicitFileType = undefined; includeInIndex = 0; };
		48C0489433934D33B3370898 /* Date+toTimerInterval.swift */ = {isa = PBXFileReference; name = "Date+toTimerInterval.swift"; path = "Date+toTimerInterval.swift"; sourceTree = "<group>"; fileEncoding = 4; lastKnownFileType = sourcecode.swift; explicitFileType = undefined; includeInIndex = 0; };
		2856ACA0B1A94CAFADDB2F71 /* Image+dynamic.swift */ = {isa = PBXFileReference; name = "Image+dynamic.swift"; path = "Image+dynamic.swift"; sourceTree = "<group>"; fileEncoding = 4; lastKnownFileType = sourcecode.swift; explicitFileType = undefined; includeInIndex = 0; };
		36DE9F57546846519C1BDF1C /* LiveActivityView.swift */ = {isa = PBXFileReference; name = "LiveActivityView.swift"; path = "LiveActivityView.swift"; sourceTree = "<group>"; fileEncoding = 4; lastKnownFileType = sourcecode.swift; explicitFileType = undefined; includeInIndex = 0; };
		3CCC875CA1834A58957FAF1E /* LiveActivityWidget.swift */ = {isa = PBXFileReference; name = "LiveActivityWidget.swift"; path = "LiveActivityWidget.swift"; sourceTree = "<group>"; fileEncoding = 4; lastKnownFileType = sourcecode.swift; explicitFileType = undefined; includeInIndex = 0; };
		55C21AE04E8E4608811CAAA0 /* LiveActivityWidgetBundle.swift */ = {isa = PBXFileReference; name = "LiveActivityWidgetBundle.swift"; path = "LiveActivityWidgetBundle.swift"; sourceTree = "<group>"; fileEncoding = 4; lastKnownFileType = sourcecode.swift; explicitFileType = undefined; includeInIndex = 0; };
		BC074581BE3C4BBABF47BE0C /* View+applyIfPresent.swift */ = {isa = PBXFileReference; name = "View+applyIfPresent.swift"; path = "View+applyIfPresent.swift"; sourceTree = "<group>"; fileEncoding = 4; lastKnownFileType = sourcecode.swift; explicitFileType = undefined; includeInIndex = 0; };
		63167D8571254F7CAC8B5EC1 /* View+applyWidgetURL.swift */ = {isa = PBXFileReference; name = "View+applyWidgetURL.swift"; path = "View+applyWidgetURL.swift"; sourceTree = "<group>"; fileEncoding = 4; lastKnownFileType = sourcecode.swift; explicitFileType = undefined; includeInIndex = 0; };
		524A9A31F9D247BAB0FB2899 /* ViewHelpers.swift */ = {isa = PBXFileReference; name = "ViewHelpers.swift"; path = "ViewHelpers.swift"; sourceTree = "<group>"; fileEncoding = 4; lastKnownFileType = sourcecode.swift; explicitFileType = undefined; includeInIndex = 0; };
		CE7703F8FFB2469A8FC72A80 /* Assets.xcassets */ = {isa = PBXFileReference; name = "Assets.xcassets"; path = "Assets.xcassets"; sourceTree = "<group>"; fileEncoding = undefined; lastKnownFileType = folder.assetcatalog; explicitFileType = undefined; includeInIndex = 0; };
		7857CB78139B4E9BA12513E8 /* Info.plist */ = {isa = PBXFileReference; name = "Info.plist"; path = "Info.plist"; sourceTree = "<group>"; fileEncoding = 4; lastKnownFileType = text.plist.xml; explicitFileType = undefined; includeInIndex = 0; };
		5933EABECC434D3FA3DF796F /* PersonalLifeTrackerLiveActivity.entitlements */ = {isa = PBXFileReference; name = "PersonalLifeTrackerLiveActivity.entitlements"; path = "PersonalLifeTrackerLiveActivity.entitlements"; sourceTree = "<group>"; fileEncoding = undefined; lastKnownFileType = unknown; explicitFileType = undefined; includeInIndex = 0; };
		863C5D33EBFB4726AA788446 /* PersonalLifeTrackerLiveActivity.appex */ = {isa = PBXFileReference; name = "PersonalLifeTrackerLiveActivity.appex"; path = "PersonalLifeTrackerLiveActivity.appex"; sourceTree = BUILT_PRODUCTS_DIR; fileEncoding = undefined; lastKnownFileType = undefined; explicitFileType = wrapper.app-extension; includeInIndex = 0; };
/* End PBXFileReference section */

/* Begin PBXFrameworksBuildPhase section */
		13B07F8C1A680F5B00A75B9A /* Frameworks */ = {
			isa = PBXFrameworksBuildPhase;
			buildActionMask = 2147483647;
			files = (
			);
			runOnlyForDeploymentPostprocessing = 0;
		};
		A0A82E6397724B3F88FE4BF7 /* Embed Foundation Extensions */ = {
			isa = PBXFrameworksBuildPhase;
			buildActionMask = 2147483647;
			files = (
			);
			runOnlyForDeploymentPostprocessing = 0;
		};
		B75008966AFB436BB7575496 /* Embed Foundation Extensions */ = {
			isa = PBXFrameworksBuildPhase;
			buildActionMask = 2147483647;
			files = (
			);
			runOnlyForDeploymentPostprocessing = 0;
		};
/* End PBXFrameworksBuildPhase section */

/* Begin PBXGroup section */
		13B07FAE1A68108700A75B9A /* PersonalLifeTracker */ = {
			isa = PBXGroup;
			children = (
				F11748412D0307B40044C1D9 /* AppDelegate.swift */,
				F11748442D0722820044C1D9 /* PersonalLifeTracker-Bridging-Header.h */,
				BB2F792B24A3F905000567C9 /* Supporting */,
				13B07FB51A68108700A75B9A /* Images.xcassets */,
				13B07FB61A68108700A75B9A /* Info.plist */,
				AA286B85B6C04FC6940260E9 /* SplashScreen.storyboard */,
			);
			name = PersonalLifeTracker;
			sourceTree = "<group>";
		};
		2D16E6871FA4F8E400B85C8A /* Frameworks */ = {
			isa = PBXGroup;
			children = (
				ED297162215061F000B7C4FE /* JavaScriptCore.framework */,
			);
			name = Frameworks;
			sourceTree = "<group>";
		};
		832341AE1AAA6A7D00B99B32 /* Libraries */ = {
			isa = PBXGroup;
			children = (
			);
			name = Libraries;
			sourceTree = "<group>";
		};
		83CBB9F61A601CBA00E9B192 = {
			isa = PBXGroup;
			children = (
				13B07FAE1A68108700A75B9A /* PersonalLifeTracker */,
				832341AE1AAA6A7D00B99B32 /* Libraries */,
				83CBBA001A601CBA00E9B192 /* Products */,
				2D16E6871FA4F8E400B85C8A /* Frameworks */,
				1B434A594B0D4437A71DC4D9 /* PersonalLifeTrackerLiveActivity */,
				03911198E8704065ADA51590 /* PersonalLifeTrackerLiveActivity */,
			);
			indentWidth = 2;
			sourceTree = "<group>";
			tabWidth = 2;
			usesTabs = 0;
		};
		83CBBA001A601CBA00E9B192 /* Products */ = {
			isa = PBXGroup;
			children = (
				13B07F961A680F5B00A75B9A /* PersonalLifeTracker.app */,
				6E1EE1C817FD411CA4676A94 /* PersonalLifeTrackerLiveActivity.appex */,
				863C5D33EBFB4726AA788446 /* PersonalLifeTrackerLiveActivity.appex */,
			);
			name = Products;
			sourceTree = "<group>";
		};
		BB2F792B24A3F905000567C9 /* Supporting */ = {
			isa = PBXGroup;
			children = (
				BB2F792C24A3F905000567C9 /* Expo.plist */,
			);
			name = Supporting;
			path = PersonalLifeTracker/Supporting;
			sourceTree = "<group>";
		};
		1B434A594B0D4437A71DC4D9 /* PersonalLifeTrackerLiveActivity */ = {
			isa = PBXGroup;
			children = (
				3280E4640F784295A40A98B4 /* Color+hex.swift */,
				48C0489433934D33B3370898 /* Date+toTimerInterval.swift */,
				2856ACA0B1A94CAFADDB2F71 /* Image+dynamic.swift */,
				36DE9F57546846519C1BDF1C /* LiveActivityView.swift */,
				3CCC875CA1834A58957FAF1E /* LiveActivityWidget.swift */,
				55C21AE04E8E4608811CAAA0 /* LiveActivityWidgetBundle.swift */,
				BC074581BE3C4BBABF47BE0C /* View+applyIfPresent.swift */,
				63167D8571254F7CAC8B5EC1 /* View+applyWidgetURL.swift */,
				524A9A31F9D247BAB0FB2899 /* ViewHelpers.swift */,
				7857CB78139B4E9BA12513E8 /* Info.plist */,
				CE7703F8FFB2469A8FC72A80 /* Assets.xcassets */,
				5933EABECC434D3FA3DF796F /* PersonalLifeTrackerLiveActivity.entitlements */,
			);
			name = PersonalLifeTrackerLiveActivity;
			path = PersonalLifeTrackerLiveActivity;
			sourceTree = "<group>";
		};
		03911198E8704065ADA51590 /* PersonalLifeTrackerLiveActivity */ = {
			isa = PBXGroup;
			children = (
				3280E4640F784295A40A98B4 /* Color+hex.swift */,
				48C0489433934D33B3370898 /* Date+toTimerInterval.swift */,
				2856ACA0B1A94CAFADDB2F71 /* Image+dynamic.swift */,
				36DE9F57546846519C1BDF1C /* LiveActivityView.swift */,
				3CCC875CA1834A58957FAF1E /* LiveActivityWidget.swift */,
				55C21AE04E8E4608811CAAA0 /* LiveActivityWidgetBundle.swift */,
				BC074581BE3C4BBABF47BE0C /* View+applyIfPresent.swift */,
				63167D8571254F7CAC8B5EC1 /* View+applyWidgetURL.swift */,
				524A9A31F9D247BAB0FB2899 /* ViewHelpers.swift */,
				7857CB78139B4E9BA12513E8 /* Info.plist */,
				CE7703F8FFB2469A8FC72A80 /* Assets.xcassets */,
				5933EABECC434D3FA3DF796F /* PersonalLifeTrackerLiveActivity.entitlements */,
			);
			name = PersonalLifeTrackerLiveActivity;
			path = PersonalLifeTrackerLiveActivity;
			sourceTree = "<group>";
		};
/* End PBXGroup section */

/* Begin PBXNativeTarget section */
		13B07F861A680F5B00A75B9A /* PersonalLifeTracker */ = {
			isa = PBXNativeTarget;
			buildConfigurationList = 13B07F931A680F5B00A75B9A /* Build configuration list for PBXNativeTarget "PersonalLifeTracker" */;
			buildPhases = (
				08A4A3CD28434E44B6B9DE2E /* [CP] Check Pods Manifest.lock */,
				13B07F871A680F5B00A75B9A /* Sources */,
				13B07F8C1A680F5B00A75B9A /* Frameworks */,
				13B07F8E1A680F5B00A75B9A /* Resources */,
				00DD1BFF1BD5951E006B06BC /* Bundle React Native code and images */,
				800E24972A6A228C8D4807E9 /* [CP] Copy Pods Resources */,
				47E86EB1141F48A882AB1F7D /* Embed Foundation Extensions */,
				859F453E77F447639978FD7B /* Embed Foundation Extensions */,
			);
			buildRules = (
			);
			dependencies = (
				224240139A4F424AAE246790 /* PBXTargetDependency */,
				5B03D0497B1C4F6D8CAECECB /* PBXTargetDependency */,
			);
			name = PersonalLifeTracker;
			productName = PersonalLifeTracker;
			productReference = 13B07F961A680F5B00A75B9A /* PersonalLifeTracker.app */;
			productType = "com.apple.product-type.application";
		};
		4F11A5E4801544B591E754E5 /* PersonalLifeTrackerLiveActivity */ = {
			isa = PBXNativeTarget;
			name = PersonalLifeTrackerLiveActivity;
			productName = PersonalLifeTrackerLiveActivity;
			productReference = 6E1EE1C817FD411CA4676A94;
			productType = "com.apple.product-type.app-extension";
			buildConfigurationList = 850EEF09A8BC4F6087E1812E;
			buildPhases = (
				6C39BAB83B71485CB65E85AA /* Embed Foundation Extensions */,
				A0A82E6397724B3F88FE4BF7 /* Embed Foundation Extensions */,
				63D4AE0A5D634DD59196CBBE /* Embed Foundation Extensions */,
			);
			buildRules = (
			);
			dependencies = (
			);
		};
		C8217CF415474C11BDE86775 /* PersonalLifeTrackerLiveActivity */ = {
			isa = PBXNativeTarget;
			name = PersonalLifeTrackerLiveActivity;
			productName = PersonalLifeTrackerLiveActivity;
			productReference = 863C5D33EBFB4726AA788446;
			productType = "com.apple.product-type.app-extension";
			buildConfigurationList = 2075B5C89782417AA4776C50;
			buildPhases = (
				220740FBD3F644998BB1AAE6 /* Embed Foundation Extensions */,
				B75008966AFB436BB7575496 /* Embed Foundation Extensions */,
				D4E6BB8970E64DF6AAA15300 /* Embed Foundation Extensions */,
			);
			buildRules = (
			);
			dependencies = (
			);
		};
/* End PBXNativeTarget section */

/* Begin PBXProject section */
		83CBB9F71A601CBA00E9B192 /* Project object */ = {
			isa = PBXProject;
			attributes = {
				LastUpgradeCheck = 1130;
				TargetAttributes = {
					13B07F861A680F5B00A75B9A = {
						LastSwiftMigration = 1250;
					};
					4F11A5E4801544B591E754E5 = {
						LastSwiftMigration = 1250;
					};
					C8217CF415474C11BDE86775 = {
						LastSwiftMigration = 1250;
					};
				};
			};
			buildConfigurationList = 83CBB9FA1A601CBA00E9B192 /* Build configuration list for PBXProject "PersonalLifeTracker" */;
			compatibilityVersion = "Xcode 3.2";
			developmentRegion = en;
			hasScannedForEncodings = 0;
			knownRegions = (
				en,
				Base,
			);
			mainGroup = 83CBB9F61A601CBA00E9B192;
			productRefGroup = 83CBBA001A601CBA00E9B192 /* Products */;
			projectDirPath = "";
			projectRoot = "";
			targets = (
				13B07F861A680F5B00A75B9A /* PersonalLifeTracker */,
				4F11A5E4801544B591E754E5 /* PersonalLifeTrackerLiveActivity */,
				C8217CF415474C11BDE86775 /* PersonalLifeTrackerLiveActivity */,
			);
		};
/* End PBXProject section */

/* Begin PBXResourcesBuildPhase section */
		13B07F8E1A680F5B00A75B9A /* Resources */ = {
			isa = PBXResourcesBuildPhase;
			buildActionMask = 2147483647;
			files = (
				BB2F792D24A3F905000567C9 /* Expo.plist in Resources */,
				13B07FBF1A68108700A75B9A /* Images.xcassets in Resources */,
				3E461D99554A48A4959DE609 /* SplashScreen.storyboard in Resources */,
			);
			runOnlyForDeploymentPostprocessing = 0;
		};
		63D4AE0A5D634DD59196CBBE /* Embed Foundation Extensions */ = {
			isa = PBXResourcesBuildPhase;
			buildActionMask = 2147483647;
			files = (
				8F49DDCE90284A4786B69DCF /* Assets.xcassets in Resources */,
			);
			runOnlyForDeploymentPostprocessing = 0;
		};
		D4E6BB8970E64DF6AAA15300 /* Embed Foundation Extensions */ = {
			isa = PBXResourcesBuildPhase;
			buildActionMask = 2147483647;
			files = (
				8F49DDCE90284A4786B69DCF /* "Assets.xcassets" in Resources */,
			);
			runOnlyForDeploymentPostprocessing = 0;
		};
/* End PBXResourcesBuildPhase section */

/* Begin PBXShellScriptBuildPhase section */
		00DD1BFF1BD5951E006B06BC /* Bundle React Native code and images */ = {
			isa = PBXShellScriptBuildPhase;
			alwaysOutOfDate = 1;
			buildActionMask = 2147483647;
			files = (
			);
			inputPaths = (
				"$(SRCROOT)/.xcode.env",
				"$(SRCROOT)/.xcode.env.local",
			);
			name = "Bundle React Native code and images";
			outputPaths = (
			);
			runOnlyForDeploymentPostprocessing = 0;
			shellPath = /bin/sh;
			shellScript = "if [[ -f \"$PODS_ROOT/../.xcode.env\" ]]; then\n  source \"$PODS_ROOT/../.xcode.env\"\nfi\nif [[ -f \"$PODS_ROOT/../.xcode.env.local\" ]]; then\n  source \"$PODS_ROOT/../.xcode.env.local\"\nfi\n\n# The project root by default is one level up from the ios directory\nexport PROJECT_ROOT=\"$PROJECT_DIR\"/..\n\nif [[ \"$CONFIGURATION\" = *Debug* ]]; then\n  export SKIP_BUNDLING=1\nfi\nif [[ -z \"$ENTRY_FILE\" ]]; then\n  # Set the entry JS file using the bundler's entry resolution.\n  export ENTRY_FILE=\"$(\"$NODE_BINARY\" -e \"require('expo/scripts/resolveAppEntry')\" \"$PROJECT_ROOT\" ios absolute | tail -n 1)\"\nfi\n\nif [[ -z \"$CLI_PATH\" ]]; then\n  # Use Expo CLI\n  export CLI_PATH=\"$(\"$NODE_BINARY\" --print \"require.resolve('@expo/cli', { paths: [require.resolve('expo/package.json')] })\")\"\nfi\nif [[ -z \"$BUNDLE_COMMAND\" ]]; then\n  # Default Expo CLI command for bundling\n  export BUNDLE_COMMAND=\"export:embed\"\nfi\n\n# Source .xcode.env.updates if it exists to allow\n# SKIP_BUNDLING to be unset if needed\nif [[ -f \"$PODS_ROOT/../.xcode.env.updates\" ]]; then\n  source \"$PODS_ROOT/../.xcode.env.updates\"\nfi\n# Source local changes to allow overrides\n# if needed\nif [[ -f \"$PODS_ROOT/../.xcode.env.local\" ]]; then\n  source \"$PODS_ROOT/../.xcode.env.local\"\nfi\n\n`\"$NODE_BINARY\" --print \"require('path').dirname(require.resolve('react-native/package.json')) + '/scripts/react-native-xcode.sh'\"`\n\n";
		};
		08A4A3CD28434E44B6B9DE2E /* [CP] Check Pods Manifest.lock */ = {
			isa = PBXShellScriptBuildPhase;
			buildActionMask = 2147483647;
			files = (
			);
			inputFileListPaths = (
			);
			inputPaths = (
				"${PODS_PODFILE_DIR_PATH}/Podfile.lock",
				"${PODS_ROOT}/Manifest.lock",
			);
			name = "[CP] Check Pods Manifest.lock";
			outputFileListPaths = (
			);
			outputPaths = (
				"$(DERIVED_FILE_DIR)/Pods-PersonalLifeTracker-checkManifestLockResult.txt",
			);
			runOnlyForDeploymentPostprocessing = 0;
			shellPath = /bin/sh;
			shellScript = "diff \"${PODS_PODFILE_DIR_PATH}/Podfile.lock\" \"${PODS_ROOT}/Manifest.lock\" > /dev/null\nif [ $? != 0 ] ; then\n    # print error to STDERR\n    echo \"error: The sandbox is not in sync with the Podfile.lock. Run 'pod install' or update your CocoaPods installation.\" >&2\n    exit 1\nfi\n# This output is used by Xcode 'outputs' to avoid re-running this script phase.\necho \"SUCCESS\" > \"${SCRIPT_OUTPUT_FILE_0}\"\n";
			showEnvVarsInLog = 0;
		};
		800E24972A6A228C8D4807E9 /* [CP] Copy Pods Resources */ = {
			isa = PBXShellScriptBuildPhase;
			buildActionMask = 2147483647;
			files = (
			);
			inputPaths = (
				"${PODS_ROOT}/Target Support Files/Pods-PersonalLifeTracker/Pods-PersonalLifeTracker-resources.sh",
				"${PODS_CONFIGURATION_BUILD_DIR}/EXConstants/EXConstants.bundle",
				"${PODS_CONFIGURATION_BUILD_DIR}/EXUpdates/EXUpdates.bundle",
				"${PODS_CONFIGURATION_BUILD_DIR}/React-Core/RCTI18nStrings.bundle",
			);
			name = "[CP] Copy Pods Resources";
			outputPaths = (
				"${TARGET_BUILD_DIR}/${UNLOCALIZED_RESOURCES_FOLDER_PATH}/EXConstants.bundle",
				"${TARGET_BUILD_DIR}/${UNLOCALIZED_RESOURCES_FOLDER_PATH}/EXUpdates.bundle",
				"${TARGET_BUILD_DIR}/${UNLOCALIZED_RESOURCES_FOLDER_PATH}/RCTI18nStrings.bundle",
			);
			runOnlyForDeploymentPostprocessing = 0;
			shellPath = /bin/sh;
			shellScript = "\"${PODS_ROOT}/Target Support Files/Pods-PersonalLifeTracker/Pods-PersonalLifeTracker-resources.sh\"\n";
			showEnvVarsInLog = 0;
		};
/* End PBXShellScriptBuildPhase section */

/* Begin PBXSourcesBuildPhase section */
		13B07F871A680F5B00A75B9A /* Sources */ = {
			isa = PBXSourcesBuildPhase;
			buildActionMask = 2147483647;
			files = (
				F11748422D0307B40044C1D9 /* AppDelegate.swift in Sources */,
			);
			runOnlyForDeploymentPostprocessing = 0;
		};
		6C39BAB83B71485CB65E85AA /* Embed Foundation Extensions */ = {
			isa = PBXSourcesBuildPhase;
			buildActionMask = 2147483647;
			files = (
				C13B45055CD64820A21A0849 /* Color+hex.swift in Sources */,
				627D779207CB4D58AC19B5F4 /* Date+toTimerInterval.swift in Sources */,
				C76DF04542084554A686982F /* Image+dynamic.swift in Sources */,
				D201018B54254C36AC2CC69B /* LiveActivityView.swift in Sources */,
				9481F763BF514875A231F2FF /* LiveActivityWidget.swift in Sources */,
				F82DDFF891504A7D80139AD3 /* LiveActivityWidgetBundle.swift in Sources */,
				C3720FF926A944B797F3D062 /* View+applyIfPresent.swift in Sources */,
				84738F8535F34ECD9AD62E45 /* View+applyWidgetURL.swift in Sources */,
				ABB66189A7DA4B5783D3D3EF /* ViewHelpers.swift in Sources */,
			);
			runOnlyForDeploymentPostprocessing = 0;
		};
		220740FBD3F644998BB1AAE6 /* Embed Foundation Extensions */ = {
			isa = PBXSourcesBuildPhase;
			buildActionMask = 2147483647;
			files = (
				C13B45055CD64820A21A0849 /* "Color+hex.swift" in Sources */,
				627D779207CB4D58AC19B5F4 /* "Date+toTimerInterval.swift" in Sources */,
				C76DF04542084554A686982F /* "Image+dynamic.swift" in Sources */,
				D201018B54254C36AC2CC69B /* "LiveActivityView.swift" in Sources */,
				9481F763BF514875A231F2FF /* "LiveActivityWidget.swift" in Sources */,
				F82DDFF891504A7D80139AD3 /* "LiveActivityWidgetBundle.swift" in Sources */,
				C3720FF926A944B797F3D062 /* "View+applyIfPresent.swift" in Sources */,
				84738F8535F34ECD9AD62E45 /* "View+applyWidgetURL.swift" in Sources */,
				ABB66189A7DA4B5783D3D3EF /* "ViewHelpers.swift" in Sources */,
			);
			runOnlyForDeploymentPostprocessing = 0;
		};
/* End PBXSourcesBuildPhase section */

/* Begin XCBuildConfiguration section */
		13B07F941A680F5B00A75B9A /* Debug */ = {
			isa = XCBuildConfiguration;
			buildSettings = {
				ASSETCATALOG_COMPILER_APPICON_NAME = AppIcon;
				CLANG_ENABLE_MODULES = YES;
				CURRENT_PROJECT_VERSION = 1;
				ENABLE_BITCODE = NO;
				GCC_PREPROCESSOR_DEFINITIONS = (
					"$(inherited)",
					"FB_SONARKIT_ENABLED=1",
				);
				INFOPLIST_FILE = PersonalLifeTracker/Info.plist;
				IPHONEOS_DEPLOYMENT_TARGET = 15.1;
				LD_RUNPATH_SEARCH_PATHS = (
					"$(inherited)",
					"@executable_path/Frameworks",
				);
				MARKETING_VERSION = 1.0;
				OTHER_LDFLAGS = (
					"$(inherited)",
					"-ObjC",
					"-lc++",
				);
				PRODUCT_BUNDLE_IDENTIFIER = "com.PersonalLifeTracker.prod";
				PRODUCT_NAME = "PersonalLifeTracker";
				SWIFT_OBJC_BRIDGING_HEADER = "PersonalLifeTracker/PersonalLifeTracker-Bridging-Header.h";
				SWIFT_OPTIMIZATION_LEVEL = "-Onone";
				SWIFT_VERSION = 5.0;
				VERSIONING_SYSTEM = "apple-generic";
				TARGETED_DEVICE_FAMILY = "1,2";
				CODE_SIGN_ENTITLEMENTS = PersonalLifeTracker/PersonalLifeTracker.entitlements;
			};
			name = Debug;
		};
		13B07F951A680F5B00A75B9A /* Release */ = {
			isa = XCBuildConfiguration;
			buildSettings = {
				ASSETCATALOG_COMPILER_APPICON_NAME = AppIcon;
				CLANG_ENABLE_MODULES = YES;
				CURRENT_PROJECT_VERSION = 1;
				INFOPLIST_FILE = PersonalLifeTracker/Info.plist;
				IPHONEOS_DEPLOYMENT_TARGET = 15.1;
				LD_RUNPATH_SEARCH_PATHS = (
					"$(inherited)",
					"@executable_path/Frameworks",
				);
				MARKETING_VERSION = 1.0;
				OTHER_LDFLAGS = (
					"$(inherited)",
					"-ObjC",
					"-lc++",
				);
				PRODUCT_BUNDLE_IDENTIFIER = "com.PersonalLifeTracker.prod";
				PRODUCT_NAME = "PersonalLifeTracker";
				SWIFT_OBJC_BRIDGING_HEADER = "PersonalLifeTracker/PersonalLifeTracker-Bridging-Header.h";
				SWIFT_VERSION = 5.0;
				VERSIONING_SYSTEM = "apple-generic";
				TARGETED_DEVICE_FAMILY = "1,2";
				CODE_SIGN_ENTITLEMENTS = PersonalLifeTracker/PersonalLifeTracker.entitlements;
			};
			name = Release;
		};
		83CBBA201A601CBA00E9B192 /* Debug */ = {
			isa = XCBuildConfiguration;
			buildSettings = {
				ALWAYS_SEARCH_USER_PATHS = NO;
				CLANG_ANALYZER_LOCALIZABILITY_NONLOCALIZED = YES;
				CLANG_CXX_LANGUAGE_STANDARD = "c++20";
				CLANG_CXX_LIBRARY = "libc++";
				CLANG_ENABLE_MODULES = YES;
				CLANG_ENABLE_OBJC_ARC = YES;
				CLANG_WARN_BLOCK_CAPTURE_AUTORELEASING = YES;
				CLANG_WARN_BOOL_CONVERSION = YES;
				CLANG_WARN_COMMA = YES;
				CLANG_WARN_CONSTANT_CONVERSION = YES;
				CLANG_WARN_DEPRECATED_OBJC_IMPLEMENTATIONS = YES;
				CLANG_WARN_DIRECT_OBJC_ISA_USAGE = YES_ERROR;
				CLANG_WARN_EMPTY_BODY = YES;
				CLANG_WARN_ENUM_CONVERSION = YES;
				CLANG_WARN_INFINITE_RECURSION = YES;
				CLANG_WARN_INT_CONVERSION = YES;
				CLANG_WARN_NON_LITERAL_NULL_CONVERSION = YES;
				CLANG_WARN_OBJC_IMPLICIT_RETAIN_SELF = YES;
				CLANG_WARN_OBJC_LITERAL_CONVERSION = YES;
				CLANG_WARN_OBJC_ROOT_CLASS = YES_ERROR;
				CLANG_WARN_RANGE_LOOP_ANALYSIS = YES;
				CLANG_WARN_STRICT_PROTOTYPES = YES;
				CLANG_WARN_SUSPICIOUS_MOVE = YES;
				CLANG_WARN_UNREACHABLE_CODE = YES;
				CLANG_WARN__DUPLICATE_METHOD_MATCH = YES;
				"CODE_SIGN_IDENTITY[sdk=iphoneos*]" = "iPhone Developer";
				COPY_PHASE_STRIP = NO;
				ENABLE_STRICT_OBJC_MSGSEND = YES;
				ENABLE_TESTABILITY = YES;
				GCC_C_LANGUAGE_STANDARD = gnu99;
				GCC_DYNAMIC_NO_PIC = NO;
				GCC_NO_COMMON_BLOCKS = YES;
				GCC_OPTIMIZATION_LEVEL = 0;
				GCC_PREPROCESSOR_DEFINITIONS = (
					"DEBUG=1",
					"$(inherited)",
				);
				GCC_SYMBOLS_PRIVATE_EXTERN = NO;
				GCC_WARN_64_TO_32_BIT_CONVERSION = YES;
				GCC_WARN_ABOUT_RETURN_TYPE = YES_ERROR;
				GCC_WARN_UNDECLARED_SELECTOR = YES;
				GCC_WARN_UNINITIALIZED_AUTOS = YES_AGGRESSIVE;
				GCC_WARN_UNUSED_FUNCTION = YES;
				GCC_WARN_UNUSED_VARIABLE = YES;
				IPHONEOS_DEPLOYMENT_TARGET = 15.1;
				LD_RUNPATH_SEARCH_PATHS = (
					/usr/lib/swift,
					"$(inherited)",
				);
				LIBRARY_SEARCH_PATHS = "\"$(inherited)\"";
				MTL_ENABLE_DEBUG_INFO = YES;
				ONLY_ACTIVE_ARCH = YES;
				SDKROOT = iphoneos;
			};
			name = Debug;
		};
		83CBBA211A601CBA00E9B192 /* Release */ = {
			isa = XCBuildConfiguration;
			buildSettings = {
				ALWAYS_SEARCH_USER_PATHS = NO;
				CLANG_ANALYZER_LOCALIZABILITY_NONLOCALIZED = YES;
				CLANG_CXX_LANGUAGE_STANDARD = "c++20";
				CLANG_CXX_LIBRARY = "libc++";
				CLANG_ENABLE_MODULES = YES;
				CLANG_ENABLE_OBJC_ARC = YES;
				CLANG_WARN_BLOCK_CAPTURE_AUTORELEASING = YES;
				CLANG_WARN_BOOL_CONVERSION = YES;
				CLANG_WARN_COMMA = YES;
				CLANG_WARN_CONSTANT_CONVERSION = YES;
				CLANG_WARN_DEPRECATED_OBJC_IMPLEMENTATIONS = YES;
				CLANG_WARN_DIRECT_OBJC_ISA_USAGE = YES_ERROR;
				CLANG_WARN_EMPTY_BODY = YES;
				CLANG_WARN_ENUM_CONVERSION = YES;
				CLANG_WARN_INFINITE_RECURSION = YES;
				CLANG_WARN_INT_CONVERSION = YES;
				CLANG_WARN_NON_LITERAL_NULL_CONVERSION = YES;
				CLANG_WARN_OBJC_IMPLICIT_RETAIN_SELF = YES;
				CLANG_WARN_OBJC_LITERAL_CONVERSION = YES;
				CLANG_WARN_OBJC_ROOT_CLASS = YES_ERROR;
				CLANG_WARN_RANGE_LOOP_ANALYSIS = YES;
				CLANG_WARN_STRICT_PROTOTYPES = YES;
				CLANG_WARN_SUSPICIOUS_MOVE = YES;
				CLANG_WARN_UNREACHABLE_CODE = YES;
				CLANG_WARN__DUPLICATE_METHOD_MATCH = YES;
				"CODE_SIGN_IDENTITY[sdk=iphoneos*]" = "iPhone Developer";
				COPY_PHASE_STRIP = YES;
				ENABLE_NS_ASSERTIONS = NO;
				ENABLE_STRICT_OBJC_MSGSEND = YES;
				GCC_C_LANGUAGE_STANDARD = gnu99;
				GCC_NO_COMMON_BLOCKS = YES;
				GCC_WARN_64_TO_32_BIT_CONVERSION = YES;
				GCC_WARN_ABOUT_RETURN_TYPE = YES_ERROR;
				GCC_WARN_UNDECLARED_SELECTOR = YES;
				GCC_WARN_UNINITIALIZED_AUTOS = YES_AGGRESSIVE;
				GCC_WARN_UNUSED_FUNCTION = YES;
				GCC_WARN_UNUSED_VARIABLE = YES;
				IPHONEOS_DEPLOYMENT_TARGET = 15.1;
				LD_RUNPATH_SEARCH_PATHS = (
					/usr/lib/swift,
					"$(inherited)",
				);
				LIBRARY_SEARCH_PATHS = "\"$(inherited)\"";
				MTL_ENABLE_DEBUG_INFO = NO;
				SDKROOT = iphoneos;
				VALIDATE_PRODUCT = YES;
			};
			name = Release;
		};
		8C94F624799D4E83B2E8B4BC /* Debug */ = {
			name = Debug;
			isa = XCBuildConfiguration;
			buildSettings = {
				PRODUCT_NAME = "$(TARGET_NAME)";
				SWIFT_VERSION = 5.0;
				TARGETED_DEVICE_FAMILY = "1,2";
				INFOPLIST_FILE = PersonalLifeTrackerLiveActivity/Info.plist;
				CURRENT_PROJECT_VERSION = "1";
				IPHONEOS_DEPLOYMENT_TARGET = "16.2";
				PRODUCT_BUNDLE_IDENTIFIER = "com.PersonalLifeTracker.prod.PersonalLifeTrackerLiveActivity";
				GENERATE_INFOPLIST_FILE = "YES";
				INFOPLIST_KEY_CFBundleDisplayName = PersonalLifeTrackerLiveActivity;
				INFOPLIST_KEY_NSHumanReadableCopyright = "";
				MARKETING_VERSION = "1.0.0";
				SWIFT_OPTIMIZATION_LEVEL = "-Onone";
				CODE_SIGN_ENTITLEMENTS = "PersonalLifeTrackerLiveActivity/PersonalLifeTrackerLiveActivity.entitlements";
				APPLICATION_EXTENSION_API_ONLY = "YES";
			};
		};
		D83A1E4CFC53456CA45E5F96 /* Release */ = {
			name = Release;
			isa = XCBuildConfiguration;
			buildSettings = {
				PRODUCT_NAME = "$(TARGET_NAME)";
				SWIFT_VERSION = 5.0;
				TARGETED_DEVICE_FAMILY = "1,2";
				INFOPLIST_FILE = PersonalLifeTrackerLiveActivity/Info.plist;
				CURRENT_PROJECT_VERSION = "1";
				IPHONEOS_DEPLOYMENT_TARGET = "16.2";
				PRODUCT_BUNDLE_IDENTIFIER = "com.PersonalLifeTracker.prod.PersonalLifeTrackerLiveActivity";
				GENERATE_INFOPLIST_FILE = "YES";
				INFOPLIST_KEY_CFBundleDisplayName = PersonalLifeTrackerLiveActivity;
				INFOPLIST_KEY_NSHumanReadableCopyright = "";
				MARKETING_VERSION = "1.0.0";
				SWIFT_OPTIMIZATION_LEVEL = "-Onone";
				CODE_SIGN_ENTITLEMENTS = "PersonalLifeTrackerLiveActivity/PersonalLifeTrackerLiveActivity.entitlements";
				APPLICATION_EXTENSION_API_ONLY = "YES";
			};
		};
		9AD9CF65F0E7468EA49CBAAD /* Debug */ = {
			name = Debug;
			isa = XCBuildConfiguration;
			buildSettings = {
				PRODUCT_NAME = "$(TARGET_NAME)";
				SWIFT_VERSION = 5.0;
				TARGETED_DEVICE_FAMILY = "1,2";
				INFOPLIST_FILE = PersonalLifeTrackerLiveActivity/Info.plist;
				CURRENT_PROJECT_VERSION = "1";
				IPHONEOS_DEPLOYMENT_TARGET = "16.2";
				PRODUCT_BUNDLE_IDENTIFIER = "com.PersonalLifeTracker.prod.PersonalLifeTrackerLiveActivity";
				GENERATE_INFOPLIST_FILE = "YES";
				INFOPLIST_KEY_CFBundleDisplayName = PersonalLifeTrackerLiveActivity;
				INFOPLIST_KEY_NSHumanReadableCopyright = "";
				MARKETING_VERSION = "1.0.0";
				SWIFT_OPTIMIZATION_LEVEL = "-Onone";
				CODE_SIGN_ENTITLEMENTS = "PersonalLifeTrackerLiveActivity/PersonalLifeTrackerLiveActivity.entitlements";
				APPLICATION_EXTENSION_API_ONLY = "YES";
			};
		};
		CB20DDD2A7594386A836C013 /* Release */ = {
			name = Release;
			isa = XCBuildConfiguration;
			buildSettings = {
				PRODUCT_NAME = "$(TARGET_NAME)";
				SWIFT_VERSION = 5.0;
				TARGETED_DEVICE_FAMILY = "1,2";
				INFOPLIST_FILE = PersonalLifeTrackerLiveActivity/Info.plist;
				CURRENT_PROJECT_VERSION = "1";
				IPHONEOS_DEPLOYMENT_TARGET = "16.2";
				PRODUCT_BUNDLE_IDENTIFIER = "com.PersonalLifeTracker.prod.PersonalLifeTrackerLiveActivity";
				GENERATE_INFOPLIST_FILE = "YES";
				INFOPLIST_KEY_CFBundleDisplayName = PersonalLifeTrackerLiveActivity;
				INFOPLIST_KEY_NSHumanReadableCopyright = "";
				MARKETING_VERSION = "1.0.0";
				SWIFT_OPTIMIZATION_LEVEL = "-Onone";
				CODE_SIGN_ENTITLEMENTS = "PersonalLifeTrackerLiveActivity/PersonalLifeTrackerLiveActivity.entitlements";
				APPLICATION_EXTENSION_API_ONLY = "YES";
			};
		};
/* End XCBuildConfiguration section */

/* Begin XCConfigurationList section */
		13B07F931A680F5B00A75B9A /* Build configuration list for PBXNativeTarget "PersonalLifeTracker" */ = {
			isa = XCConfigurationList;
			buildConfigurations = (
				13B07F941A680F5B00A75B9A /* Debug */,
				13B07F951A680F5B00A75B9A /* Release */,
			);
			defaultConfigurationIsVisible = 0;
			defaultConfigurationName = Release;
		};
		83CBB9FA1A601CBA00E9B192 /* Build configuration list for PBXProject "PersonalLifeTracker" */ = {
			isa = XCConfigurationList;
			buildConfigurations = (
				83CBBA201A601CBA00E9B192 /* Debug */,
				83CBBA211A601CBA00E9B192 /* Release */,
			);
			defaultConfigurationIsVisible = 0;
			defaultConfigurationName = Release;
		};
		850EEF09A8BC4F6087E1812E /* Build configuration list for PBXNativeTarget "PersonalLifeTrackerLiveActivity" */ = {
			isa = XCConfigurationList;
			buildConfigurations = (
				8C94F624799D4E83B2E8B4BC /* Debug */,
				D83A1E4CFC53456CA45E5F96 /* Release */,
			);
			defaultConfigurationIsVisible = 0;
			defaultConfigurationName = Release;
		};
		2075B5C89782417AA4776C50 /* Build configuration list for PBXNativeTarget "PersonalLifeTrackerLiveActivity" */ = {
			isa = XCConfigurationList;
			buildConfigurations = (
				9AD9CF65F0E7468EA49CBAAD /* Debug */,
				CB20DDD2A7594386A836C013 /* Release */,
			);
			defaultConfigurationIsVisible = 0;
			defaultConfigurationName = Release;
		};
/* End XCConfigurationList section */

/* Begin PBXTargetDependency section */
		224240139A4F424AAE246790 /* PBXTargetDependency */ = {
			isa = PBXTargetDependency;
			target = 4F11A5E4801544B591E754E5 /* PersonalLifeTrackerLiveActivity */;
			targetProxy = EA3DFD3395B04559A8B012F1 /* PBXContainerItemProxy */;
		};
		5B03D0497B1C4F6D8CAECECB /* PBXTargetDependency */ = {
			isa = PBXTargetDependency;
			target = C8217CF415474C11BDE86775 /* PersonalLifeTrackerLiveActivity */;
			targetProxy = 34DC091F479040B69C817A7C /* PBXContainerItemProxy */;
		};
/* End PBXTargetDependency section */

/* Begin PBXContainerItemProxy section */
		EA3DFD3395B04559A8B012F1 /* PBXContainerItemProxy */ = {
			isa = PBXContainerItemProxy;
			containerPortal = 83CBB9F71A601CBA00E9B192 /* Project object */;
			proxyType = 1;
			remoteGlobalIDString = 4F11A5E4801544B591E754E5;
			remoteInfo = PersonalLifeTrackerLiveActivity;
		};
		34DC091F479040B69C817A7C /* PBXContainerItemProxy */ = {
			isa = PBXContainerItemProxy;
			containerPortal = 83CBB9F71A601CBA00E9B192 /* Project object */;
			proxyType = 1;
			remoteGlobalIDString = C8217CF415474C11BDE86775;
			remoteInfo = PersonalLifeTrackerLiveActivity;
		};
/* End PBXContainerItemProxy section */

/* Begin PBXCopyFilesBuildPhase section */
		47E86EB1141F48A882AB1F7D /* Embed Foundation Extensions */ = {
			isa = PBXCopyFilesBuildPhase;
			buildActionMask = 2147483647;
			files = (
				85AB214C3D684ED88F9B1570 /* PersonalLifeTrackerLiveActivity.appex in Embed Foundation Extensions */,
				A1B8390188BD4A28AFCD90AB /* PersonalLifeTrackerLiveActivity.appex in Embed Foundation Extensions */,
			);
			runOnlyForDeploymentPostprocessing = 0;
			name = "Embed Foundation Extensions";
			dstPath = "";
			dstSubfolderSpec = 13;
		};
		859F453E77F447639978FD7B /* Embed Foundation Extensions */ = {
			isa = PBXCopyFilesBuildPhase;
			buildActionMask = 2147483647;
			files = (
			);
			runOnlyForDeploymentPostprocessing = 0;
			name = "Embed Foundation Extensions";
			dstPath = "";
			dstSubfolderSpec = 13;
		};
/* End PBXCopyFilesBuildPhase section */
	};
	rootObject = 83CBB9F71A601CBA00E9B192 /* Project object */;
}
